
Microsoft Visual Studio Solution File, Format Version 12.00
# Visual Studio 15
VisualStudioVersion = 15.0.27703.2035
MinimumVisualStudioVersion = 10.0.40219.1
Project("{FAE04EC0-301F-11D3-BF4B-00C04F79EFBC}") = "EntityFrameworkDemo", "EntityFrameworkDemo\EntityFrameworkDemo.csproj", "{EADE16A1-7AAB-46DA-B5C4-0DF13C1F9231}"
EndProject
Global
	GlobalSection(SolutionConfigurationPlatforms) = preSolution
		Debug|Any CPU = Debug|Any CPU
		Release|Any CPU = Release|Any CPU
	EndGlobalSection
	GlobalSection(ProjectConfigurationPlatforms) = postSolution
		{EADE16A1-7AAB-46DA-B5C4-0DF13C1F9231}.Debug|Any CPU.ActiveCfg = Debug|Any CPU
		{EADE16A1-7AAB-46DA-B5C4-0DF13C1F9231}.Debug|Any CPU.Build.0 = Debug|Any CPU
		{EADE16A1-7AAB-46DA-B5C4-0DF13C1F9231}.Release|Any CPU.ActiveCfg = Release|Any CPU
		{EADE16A1-7AAB-46DA-B5C4-0DF13C1F9231}.Release|Any CPU.Build.0 = Release|Any CPU
	EndGlobalSection
	GlobalSection(SolutionProperties) = preSolution
		HideSolutionNode = FALSE
	EndGlobalSection
	GlobalSection(ExtensibilityGlobals) = postSolution
		SolutionGuid = {013E368E-06BA-4D1F-8E2D-03162BA5C82B}
	EndGlobalSection
EndGlobal
